
Microsoft Visual Studio Solution File, Format Version 12.00
# Visual Studio Version 16
VisualStudioVersion = 16.0.31702.278
MinimumVisualStudioVersion = 10.0.40219.1
Project("{FAE04EC0-301F-11D3-BF4B-00C04F79EFBC}") = "CotizacionesPendientesEquipos", "CotizacionesPendientesEquipos.csproj", "{C6A7404B-53F2-45BF-B35B-25CC979A6D4C}"
EndProject
Global
	GlobalSection(SolutionConfigurationPlatforms) = preSolution
		Debug|Any CPU = Debug|Any CPU
		Release|Any CPU = Release|Any CPU
	EndGlobalSection
	GlobalSection(ProjectConfigurationPlatforms) = postSolution
		{C6A7404B-53F2-45BF-B35B-25CC979A6D4C}.Debug|Any CPU.ActiveCfg = Debug|Any CPU
		{C6A7404B-53F2-45BF-B35B-25CC979A6D4C}.Debug|Any CPU.Build.0 = Debug|Any CPU
		{C6A7404B-53F2-45BF-B35B-25CC979A6D4C}.Release|Any CPU.ActiveCfg = Release|Any CPU
		{C6A7404B-53F2-45BF-B35B-25CC979A6D4C}.Release|Any CPU.Build.0 = Release|Any CPU
	EndGlobalSection
	GlobalSection(SolutionProperties) = preSolution
		HideSolutionNode = FALSE
	EndGlobalSection
	GlobalSection(ExtensibilityGlobals) = postSolution
		SolutionGuid = {C6DC0F46-612B-4574-B3BE-6B15026C3DE5}
	EndGlobalSection
EndGlobal
